
Microsoft Visual Studio Solution File, Format Version 12.00
# Visual Studio Version 17
VisualStudioVersion = 17.10.35013.160
MinimumVisualStudioVersion = 10.0.40219.1
Project("{FAE04EC0-301F-11D3-BF4B-00C04F79EFBC}") = "MinimalNoteApp", "MinimalNoteApp\MinimalNoteApp.csproj", "{0CEF76EA-B7FB-472A-9BB5-B6C334F16E2E}"
EndProject
Global
	GlobalSection(SolutionConfigurationPlatforms) = preSolution
		Debug|Any CPU = Debug|Any CPU
		Release|Any CPU = Release|Any CPU
	EndGlobalSection
	GlobalSection(ProjectConfigurationPlatforms) = postSolution
		{0CEF76EA-B7FB-472A-9BB5-B6C334F16E2E}.Debug|Any CPU.ActiveCfg = Debug|Any CPU
		{0CEF76EA-B7FB-472A-9BB5-B6C334F16E2E}.Debug|Any CPU.Build.0 = Debug|Any CPU
		{0CEF76EA-B7FB-472A-9BB5-B6C334F16E2E}.Release|Any CPU.ActiveCfg = Release|Any CPU
		{0CEF76EA-B7FB-472A-9BB5-B6C334F16E2E}.Release|Any CPU.Build.0 = Release|Any CPU
	EndGlobalSection
	GlobalSection(SolutionProperties) = preSolution
		HideSolutionNode = FALSE
	EndGlobalSection
	GlobalSection(ExtensibilityGlobals) = postSolution
		SolutionGuid = {77CA060A-0BF5-45B9-85D6-55D8B4A4D8DA}
	EndGlobalSection
EndGlobal
